%{
  "argon2_elixir": {:hex, :argon2_elixir, "2.4.0", "2a22ea06e979f524c53b42b598fc6ba38cdcbc977a155e33e057732cfb1fb311", [:make, :mix], [{:comeonin, "~> 5.3", [hex: :comeonin, repo: "hexpm", optional: false]}, {:elixir_make, "~> 0.6", [hex: :elixir_make, repo: "hexpm", optional: false]}], "hexpm", "4ea82e183cf8e7f66dab1f767fedcfe6a195e140357ef2b0423146b72e0a551d"},
  "bcrypt_elixir": {:hex, :bcrypt_elixir, "2.3.0", "6cb662d5c1b0a8858801cf20997bd006e7016aa8c52959c9ef80e0f34fb60b7a", [:make, :mix], [{:comeonin, "~> 5.3", [hex: :comeonin, repo: "hexpm", optional: false]}, {:elixir_make, "~> 0.6", [hex: :elixir_make, repo: "hexpm", optional: false]}], "hexpm", "2c81d61d4f6ed0e5cf7bf27a9109b791ff216a1034b3d541327484f46dd43769"},
  "boruta": {:git, "https://gitlab.com/patatoid/boruta_auth.git", "92a054c1dfeddbdad0b12e5fa194e629bde04c5b", [branch: "openid-connect"]},
  "bunt": {:hex, :bunt, "0.2.0", "951c6e801e8b1d2cbe58ebbd3e616a869061ddadcc4863d0a2182541acae9a38", [:mix], [], "hexpm", "7af5c7e09fe1d40f76c8e4f9dd2be7cebd83909f31fee7cd0e9eadc567da8353"},
  "bypass": {:hex, :bypass, "2.1.0", "909782781bf8e20ee86a9cabde36b259d44af8b9f38756173e8f5e2e1fabb9b1", [:mix], [{:plug, "~> 1.7", [hex: :plug, repo: "hexpm", optional: false]}, {:plug_cowboy, "~> 2.0", [hex: :plug_cowboy, repo: "hexpm", optional: false]}, {:ranch, "~> 1.3", [hex: :ranch, repo: "hexpm", optional: false]}], "hexpm", "d9b5df8fa5b7a6efa08384e9bbecfe4ce61c77d28a4282f79e02f1ef78d96b80"},
  "castore": {:hex, :castore, "0.1.11", "c0665858e0e1c3e8c27178e73dffea699a5b28eb72239a3b2642d208e8594914", [:mix], [], "hexpm", "91b009ba61973b532b84f7c09ce441cba7aa15cb8b006cf06c6f4bba18220081"},
  "comeonin": {:hex, :comeonin, "5.3.2", "5c2f893d05c56ae3f5e24c1b983c2d5dfb88c6d979c9287a76a7feb1e1d8d646", [:mix], [], "hexpm", "d0993402844c49539aeadb3fe46a3c9bd190f1ecf86b6f9ebd71957534c95f04"},
  "connection": {:hex, :connection, "1.1.0", "ff2a49c4b75b6fb3e674bfc5536451607270aac754ffd1bdfe175abe4a6d7a68", [:mix], [], "hexpm", "722c1eb0a418fbe91ba7bd59a47e28008a189d47e37e0e7bb85585a016b2869c"},
  "cowboy": {:hex, :cowboy, "2.9.0", "865dd8b6607e14cf03282e10e934023a1bd8be6f6bacf921a7e2a96d800cd452", [:make, :rebar3], [{:cowlib, "2.11.0", [hex: :cowlib, repo: "hexpm", optional: false]}, {:ranch, "1.8.0", [hex: :ranch, repo: "hexpm", optional: false]}], "hexpm", "2c729f934b4e1aa149aff882f57c6372c15399a20d54f65c8d67bef583021bde"},
  "cowboy_telemetry": {:hex, :cowboy_telemetry, "0.3.1", "ebd1a1d7aff97f27c66654e78ece187abdc646992714164380d8a041eda16754", [:rebar3], [{:cowboy, "~> 2.7", [hex: :cowboy, repo: "hexpm", optional: false]}, {:telemetry, "~> 0.4", [hex: :telemetry, repo: "hexpm", optional: false]}], "hexpm", "3a6efd3366130eab84ca372cbd4a7d3c3a97bdfcfb4911233b035d117063f0af"},
  "cowlib": {:hex, :cowlib, "2.11.0", "0b9ff9c346629256c42ebe1eeb769a83c6cb771a6ee5960bd110ab0b9b872063", [:make, :rebar3], [], "hexpm", "2b3e9da0b21c4565751a6d4901c20d1b4cc25cbb7fd50d91d2ab6dd287bc86a9"},
  "credo": {:hex, :credo, "1.5.5", "e8f422026f553bc3bebb81c8e8bf1932f498ca03339856c7fec63d3faac8424b", [:mix], [{:bunt, "~> 0.2.0", [hex: :bunt, repo: "hexpm", optional: false]}, {:file_system, "~> 0.2.8", [hex: :file_system, repo: "hexpm", optional: false]}, {:jason, "~> 1.0", [hex: :jason, repo: "hexpm", optional: false]}], "hexpm", "dd8623ab7091956a855dc9f3062486add9c52d310dfd62748779c4315d8247de"},
  "crypto_rand": {:hex, :crypto_rand, "1.0.2", "e1381d3fbe743cfb6082150f4f95dc7ac3fcaf5b53dae0fc96f7e0f006d91dd1", [:mix], [], "hexpm", "ca0eebc811c4496446c4d32e18e3888d7cf8fb1f441af015578f3523b1e35be8"},
  "db_connection": {:hex, :db_connection, "2.3.1", "4c9f3ed1ef37471cbdd2762d6655be11e38193904d9c5c1c9389f1b891a3088e", [:mix], [{:connection, "~> 1.0", [hex: :connection, repo: "hexpm", optional: false]}], "hexpm", "abaab61780dde30301d840417890bd9f74131041afd02174cf4e10635b3a63f5"},
  "decimal": {:hex, :decimal, "2.0.0", "a78296e617b0f5dd4c6caf57c714431347912ffb1d0842e998e9792b5642d697", [:mix], [], "hexpm", "34666e9c55dea81013e77d9d87370fe6cb6291d1ef32f46a1600230b1d44f577"},
  "dialyxir": {:hex, :dialyxir, "1.0.0", "6a1fa629f7881a9f5aaf3a78f094b2a51a0357c843871b8bc98824e7342d00a5", [:mix], [{:erlex, ">= 0.2.6", [hex: :erlex, repo: "hexpm", optional: false]}], "hexpm", "aeb06588145fac14ca08d8061a142d52753dbc2cf7f0d00fc1013f53f8654654"},
  "ecto": {:hex, :ecto, "3.5.8", "8ebf12be6016cb99313348ba7bb4612f4114b9a506d6da79a2adc7ef449340bc", [:mix], [{:decimal, "~> 1.6 or ~> 2.0", [hex: :decimal, repo: "hexpm", optional: false]}, {:jason, "~> 1.0", [hex: :jason, repo: "hexpm", optional: true]}, {:telemetry, "~> 0.4", [hex: :telemetry, repo: "hexpm", optional: false]}], "hexpm", "ea0be182ea8922eb7742e3ae8e71b67ee00ae177de1bf76210299a5f16ba4c77"},
  "ecto_sql": {:hex, :ecto_sql, "3.5.4", "a9e292c40bd79fff88885f95f1ecd7b2516e09aa99c7dd0201aa84c54d2358e4", [:mix], [{:db_connection, "~> 2.2", [hex: :db_connection, repo: "hexpm", optional: false]}, {:ecto, "~> 3.5.0", [hex: :ecto, repo: "hexpm", optional: false]}, {:myxql, "~> 0.3.0 or ~> 0.4.0", [hex: :myxql, repo: "hexpm", optional: true]}, {:postgrex, "~> 0.15.0 or ~> 1.0", [hex: :postgrex, repo: "hexpm", optional: true]}, {:tds, "~> 2.1.1", [hex: :tds, repo: "hexpm", optional: true]}, {:telemetry, "~> 0.4.0", [hex: :telemetry, repo: "hexpm", optional: false]}], "hexpm", "1fff1a28a898d7bbef263f1f3ea425b04ba9f33816d843238c84eff883347343"},
  "elixir_make": {:hex, :elixir_make, "0.6.2", "7dffacd77dec4c37b39af867cedaabb0b59f6a871f89722c25b28fcd4bd70530", [:mix], [], "hexpm", "03e49eadda22526a7e5279d53321d1cced6552f344ba4e03e619063de75348d9"},
  "erlex": {:hex, :erlex, "0.2.6", "c7987d15e899c7a2f34f5420d2a2ea0d659682c06ac607572df55a43753aa12e", [:mix], [], "hexpm", "2ed2e25711feb44d52b17d2780eabf998452f6efda104877a3881c2f8c0c0c75"},
  "ex_json_schema": {:hex, :ex_json_schema, "0.7.4", "09eb5b0c8184e5702bc89625a9d0c05c7a0a845d382e9f6f406a0fc1c9a8cc3f", [:mix], [], "hexpm", "45c67fa840f0d719a2b5578126dc29bcdc1f92499c0f61bcb8a3bcb5935f9684"},
  "ex_machina": {:hex, :ex_machina, "2.6.0", "cda776bc3afab6bce63355394e3398b7da68a0e0db855edf635ddd51513756e0", [:mix], [{:ecto, "~> 2.2 or ~> 3.0", [hex: :ecto, repo: "hexpm", optional: true]}, {:ecto_sql, "~> 3.0", [hex: :ecto_sql, repo: "hexpm", optional: true]}], "hexpm", "5c8fa8b44d710dfb46ef389d8570f7279b6843c6c74ae5bf2ce07fa9719945e7"},
  "file_system": {:hex, :file_system, "0.2.10", "fb082005a9cd1711c05b5248710f8826b02d7d1784e7c3451f9c1231d4fc162d", [:mix], [], "hexpm", "41195edbfb562a593726eda3b3e8b103a309b733ad25f3d642ba49696bf715dc"},
  "finch": {:hex, :finch, "0.8.1", "761e39640c98d12c9ac7aa15b4d0732205669b20055e26bcc8da7ce826070fdc", [:mix], [{:castore, "~> 0.1", [hex: :castore, repo: "hexpm", optional: false]}, {:mint, "~> 1.3", [hex: :mint, repo: "hexpm", optional: false]}, {:nimble_options, "~> 0.3.5", [hex: :nimble_options, repo: "hexpm", optional: false]}, {:nimble_pool, "~> 0.2", [hex: :nimble_pool, repo: "hexpm", optional: false]}, {:telemetry, "~> 0.4 or ~> 1.0", [hex: :telemetry, repo: "hexpm", optional: false]}], "hexpm", "bc80f759f701dd56793f4edfaa6dc6480707c23046fde3a98c9887b164924cad"},
  "flow": {:hex, :flow, "1.0.0", "3df0b6687ba01dae248c615d50e1f8b36631e3eb9b9a663adf38262035d9fc08", [:mix], [{:gen_stage, "~> 1.0", [hex: :gen_stage, repo: "hexpm", optional: false]}], "hexpm", "103e0d30539db120a432d6433123a6ed885b10bde244e9f4194e3beee080ac29"},
  "gen_stage": {:hex, :gen_stage, "1.1.0", "dd0c0f8d2f3b993fdbd3d58e94abbe65380f4e78bdee3fa93d5618d7d14abe60", [:mix], [], "hexpm", "7f2b36a6d02f7ef2ba410733b540ec423af65ec9c99f3d1083da508aca3b9305"},
  "gettext": {:hex, :gettext, "0.18.2", "7df3ea191bb56c0309c00a783334b288d08a879f53a7014341284635850a6e55", [:mix], [], "hexpm", "f9f537b13d4fdd30f3039d33cb80144c3aa1f8d9698e47d7bcbcc8df93b1f5c5"},
  "jason": {:hex, :jason, "1.2.2", "ba43e3f2709fd1aa1dce90aaabfd039d000469c05c56f0b8e31978e03fa39052", [:mix], [{:decimal, "~> 1.0 or ~> 2.0", [hex: :decimal, repo: "hexpm", optional: true]}], "hexpm", "18a228f5f0058ee183f29f9eae0805c6e59d61c3b006760668d8d18ff0d12179"},
  "joken": {:hex, :joken, "2.3.0", "62a979c46f2c81dcb8ddc9150453b60d3757d1ac393c72bb20fc50a7b0827dc6", [:mix], [{:jose, "~> 1.10", [hex: :jose, repo: "hexpm", optional: false]}], "hexpm", "57b263a79c0ec5d536ac02d569c01e6b4de91bd1cb825625fe90eab4feb7bc1e"},
  "jose": {:hex, :jose, "1.11.2", "f4c018ccf4fdce22c71e44d471f15f723cb3efab5d909ab2ba202b5bf35557b3", [:mix, :rebar3], [], "hexpm", "98143fbc48d55f3a18daba82d34fe48959d44538e9697c08f34200fa5f0947d2"},
  "katipo": {:hex, :katipo, "0.9.0", "6525020ccb12a3c27a1ad1a423b16fd6ecc52ee13c63b578b47b02bbaa78bb5a", [:rebar3], [{:metrics, "2.5.0", [hex: :metrics, repo: "hexpm", optional: false]}, {:worker_pool, "3.1.1", [hex: :worker_pool, repo: "hexpm", optional: false]}], "hexpm", "be352003086936cd7561810f06facae6dfe2f2a9573de411346c798c31a5cdc1"},
  "libcluster": {:hex, :libcluster, "3.2.1", "b2cd5b447cde25d5897749bee6f7aaeb6c96ac379481024e9b6ba495dabeb97d", [:mix], [{:jason, "~> 1.1", [hex: :jason, repo: "hexpm", optional: false]}], "hexpm", "89f225612d135edce9def56f43bf18d575d88ac4680e3f6161283f2e55cadca4"},
  "metrics": {:hex, :metrics, "2.5.0", "268d218d56529cb5f070d74bbfc3af64c668379b5b18fafda88959442f790c57", [:rebar3], [], "hexpm", "ae061938c8c3bde97d17be9a792b63e15c1e1effe16598ab87a62384f5f3714b"},
  "mime": {:hex, :mime, "2.0.1", "0de4c81303fe07806ebc2494d5321ce8fb4df106e34dd5f9d787b637ebadc256", [:mix], [], "hexpm", "7a86b920d2aedce5fb6280ac8261ac1a739ae6c1a1ad38f5eadf910063008942"},
  "mint": {:hex, :mint, "1.3.0", "396b3301102f7b775e103da5a20494b25753aed818d6d6f0ad222a3a018c3600", [:mix], [{:castore, "~> 0.1.0", [hex: :castore, repo: "hexpm", optional: true]}], "hexpm", "a9aac960562e43ca69a77e5176576abfa78b8398cec5543dd4fb4ab0131d5c1e"},
  "nebulex": {:hex, :nebulex, "2.0.0", "d33dc5a2b96ba09e5eb1c90e53dd1d036b0c006f1bb379bcc5c10acd0b140d6d", [:mix], [{:decorator, "~> 1.3", [hex: :decorator, repo: "hexpm", optional: true]}, {:shards, "~> 1.0", [hex: :shards, repo: "hexpm", optional: true]}, {:telemetry, "~> 0.4", [hex: :telemetry, repo: "hexpm", optional: true]}], "hexpm", "411c707e455408ae79ae7bfe7ada125967d016b83ff2a4e9763fd7cc2dd9372d"},
  "nimble_options": {:hex, :nimble_options, "0.3.6", "365d03c05d43483d3eacf820671dafce5b49d692667b3bb8cae28447fd2414ef", [:mix], [], "hexpm", "1c1d3536c4aee1be2c8f3c691bf27c62dbd88d9bb3a0b1a011913453932e8c15"},
  "nimble_pool": {:hex, :nimble_pool, "0.2.4", "1db8e9f8a53d967d595e0b32a17030cdb6c0dc4a451b8ac787bf601d3f7704c3", [:mix], [], "hexpm", "367e8071e137b787764e6a9992ccb57b276dc2282535f767a07d881951ebeac6"},
  "phoenix": {:hex, :phoenix, "1.5.12", "75fddb14c720388eea93d33886166a690416a7ff8633fbd93f364355b6fe1166", [:mix], [{:jason, "~> 1.0", [hex: :jason, repo: "hexpm", optional: true]}, {:phoenix_html, "~> 2.13 or ~> 3.0", [hex: :phoenix_html, repo: "hexpm", optional: true]}, {:phoenix_pubsub, "~> 2.0", [hex: :phoenix_pubsub, repo: "hexpm", optional: false]}, {:plug, "~> 1.10", [hex: :plug, repo: "hexpm", optional: false]}, {:plug_cowboy, "~> 1.0 or ~> 2.2", [hex: :plug_cowboy, repo: "hexpm", optional: true]}, {:plug_crypto, "~> 1.1.2 or ~> 1.2", [hex: :plug_crypto, repo: "hexpm", optional: false]}, {:telemetry, "~> 0.4", [hex: :telemetry, repo: "hexpm", optional: false]}], "hexpm", "8f0ae6734fcc18bbaa646c161e2febc46fb899eae43f82679b92530983324113"},
  "phoenix_ecto": {:hex, :phoenix_ecto, "4.2.1", "13f124cf0a3ce0f1948cf24654c7b9f2347169ff75c1123f44674afee6af3b03", [:mix], [{:ecto, "~> 3.0", [hex: :ecto, repo: "hexpm", optional: false]}, {:phoenix_html, "~> 2.14.2 or ~> 2.15", [hex: :phoenix_html, repo: "hexpm", optional: true]}, {:plug, "~> 1.0", [hex: :plug, repo: "hexpm", optional: false]}], "hexpm", "478a1bae899cac0a6e02be1deec7e2944b7754c04e7d4107fc5a517f877743c0"},
  "phoenix_html": {:hex, :phoenix_html, "2.14.3", "51f720d0d543e4e157ff06b65de38e13303d5778a7919bcc696599e5934271b8", [:mix], [{:plug, "~> 1.5", [hex: :plug, repo: "hexpm", optional: false]}], "hexpm", "efd697a7fff35a13eeeb6b43db884705cba353a1a41d127d118fda5f90c8e80f"},
  "phoenix_live_dashboard": {:hex, :phoenix_live_dashboard, "0.4.0", "87990e68b60213d7487e65814046f9a2bed4a67886c943270125913499b3e5c3", [:mix], [{:ecto_psql_extras, "~> 0.4.1 or ~> 0.5", [hex: :ecto_psql_extras, repo: "hexpm", optional: true]}, {:phoenix_html, "~> 2.14.1 or ~> 2.15", [hex: :phoenix_html, repo: "hexpm", optional: false]}, {:phoenix_live_view, "~> 0.15.0", [hex: :phoenix_live_view, repo: "hexpm", optional: false]}, {:telemetry_metrics, "~> 0.4.0 or ~> 0.5.0 or ~> 0.6.0", [hex: :telemetry_metrics, repo: "hexpm", optional: false]}], "hexpm", "8d52149e58188e9e4497cc0d8900ab94d9b66f96998ec38c47c7a4f8f4f50e57"},
  "phoenix_live_reload": {:hex, :phoenix_live_reload, "1.3.0", "f35f61c3f959c9a01b36defaa1f0624edd55b87e236b606664a556d6f72fd2e7", [:mix], [{:file_system, "~> 0.2.1 or ~> 0.3", [hex: :file_system, repo: "hexpm", optional: false]}, {:phoenix, "~> 1.4", [hex: :phoenix, repo: "hexpm", optional: false]}], "hexpm", "02c1007ae393f2b76ec61c1a869b1e617179877984678babde131d716f95b582"},
  "phoenix_live_view": {:hex, :phoenix_live_view, "0.15.7", "09720b8e5151b3ca8ef739cd7626d4feb987c69ba0b509c9bbdb861d5a365881", [:mix], [{:jason, "~> 1.0", [hex: :jason, repo: "hexpm", optional: true]}, {:phoenix, "~> 1.5.7", [hex: :phoenix, repo: "hexpm", optional: false]}, {:phoenix_html, "~> 2.14", [hex: :phoenix_html, repo: "hexpm", optional: false]}, {:telemetry, "~> 0.4.2 or ~> 0.5", [hex: :telemetry, repo: "hexpm", optional: false]}], "hexpm", "3a756cf662420272d0f1b3b908cce5222163b5a95aa9bab404f9d29aff53276e"},
  "phoenix_pubsub": {:hex, :phoenix_pubsub, "2.0.0", "a1ae76717bb168cdeb10ec9d92d1480fec99e3080f011402c0a2d68d47395ffb", [:mix], [], "hexpm", "c52d948c4f261577b9c6fa804be91884b381a7f8f18450c5045975435350f771"},
  "phx_gen_auth": {:hex, :phx_gen_auth, "0.6.0", "4ffbfa5b34ad8178c3dfcb996fed776df425903595cbc8d56a9ae5bc53136810", [:mix], [{:phoenix, "~> 1.5.2", [hex: :phoenix, repo: "hexpm", optional: false]}], "hexpm", "9a801c0f0bc251d8d91d62cecba0ebb6a90b8580fa8843029d931d15164e6ad9"},
  "plug": {:hex, :plug, "1.12.1", "645678c800601d8d9f27ad1aebba1fdb9ce5b2623ddb961a074da0b96c35187d", [:mix], [{:mime, "~> 1.0 or ~> 2.0", [hex: :mime, repo: "hexpm", optional: false]}, {:plug_crypto, "~> 1.1.1 or ~> 1.2", [hex: :plug_crypto, repo: "hexpm", optional: false]}, {:telemetry, "~> 0.4.3 or ~> 1.0", [hex: :telemetry, repo: "hexpm", optional: false]}], "hexpm", "d57e799a777bc20494b784966dc5fbda91eb4a09f571f76545b72a634ce0d30b"},
  "plug_cowboy": {:hex, :plug_cowboy, "2.3.0", "149a50e05cb73c12aad6506a371cd75750c0b19a32f81866e1a323dda9e0e99d", [:mix], [{:cowboy, "~> 2.7", [hex: :cowboy, repo: "hexpm", optional: false]}, {:plug, "~> 1.7", [hex: :plug, repo: "hexpm", optional: false]}, {:telemetry, "~> 0.4", [hex: :telemetry, repo: "hexpm", optional: false]}], "hexpm", "bc595a1870cef13f9c1e03df56d96804db7f702175e4ccacdb8fc75c02a7b97e"},
  "plug_crypto": {:hex, :plug_crypto, "1.2.2", "05654514ac717ff3a1843204b424477d9e60c143406aa94daf2274fdd280794d", [:mix], [], "hexpm", "87631c7ad914a5a445f0a3809f99b079113ae4ed4b867348dd9eec288cecb6db"},
  "postgrex": {:hex, :postgrex, "0.15.8", "f5e782bbe5e8fa178d5e3cd1999c857dc48eda95f0a4d7f7bd92a50e84a0d491", [:mix], [{:connection, "~> 1.0", [hex: :connection, repo: "hexpm", optional: false]}, {:db_connection, "~> 2.1", [hex: :db_connection, repo: "hexpm", optional: false]}, {:decimal, "~> 1.5 or ~> 2.0", [hex: :decimal, repo: "hexpm", optional: false]}, {:jason, "~> 1.0", [hex: :jason, repo: "hexpm", optional: true]}], "hexpm", "698fbfacea34c4cf22c8281abeb5cf68d99628d541874f085520ab3b53d356fe"},
  "puid": {:hex, :puid, "1.1.1", "e1155e141fe21141dba74a840b0a6b01336f972f08e9ce8fa489ffcd48ba9fa6", [:mix], [{:crypto_rand, "~> 1.0", [hex: :crypto_rand, repo: "hexpm", optional: false]}], "hexpm", "fc271ee494abf54b9cb896b30648c49f2f6e8112cf4990b7e3a92ca871be3338"},
  "ranch": {:hex, :ranch, "1.8.0", "8c7a100a139fd57f17327b6413e4167ac559fbc04ca7448e9be9057311597a1d", [:make, :rebar3], [], "hexpm", "49fbcfd3682fab1f5d109351b61257676da1a2fdbe295904176d5e521a2ddfe5"},
  "secure_random": {:hex, :secure_random, "0.5.1", "c5532b37c89d175c328f5196a0c2a5680b15ebce3e654da37129a9fe40ebf51b", [:mix], [], "hexpm", "1b9754f15e3940a143baafd19da12293f100044df69ea12db5d72878312ae6ab"},
  "shards": {:hex, :shards, "1.0.1", "1bdbbf047db27f3c3eb800a829d4a47062c84d5543cbfebcfc4c14d038bf9220", [:make, :rebar3], [], "hexpm", "2c57788afbf053c4024366772892beee89b8b72e884e764fb0a075dfa7442041"},
  "swoosh": {:hex, :swoosh, "1.5.0", "2be4cfc1be10f2203d1854c85b18d8c7be0321445a782efd53ef0b2b88f03ce4", [:mix], [{:cowboy, "~> 1.1 or ~> 2.4", [hex: :cowboy, repo: "hexpm", optional: true]}, {:finch, "~> 0.6", [hex: :finch, repo: "hexpm", optional: true]}, {:gen_smtp, "~> 0.13 or ~> 1.0", [hex: :gen_smtp, repo: "hexpm", optional: true]}, {:hackney, "~> 1.9", [hex: :hackney, repo: "hexpm", optional: true]}, {:jason, "~> 1.0", [hex: :jason, repo: "hexpm", optional: false]}, {:mail, "~> 0.2", [hex: :mail, repo: "hexpm", optional: true]}, {:mime, "~> 1.1 or ~> 2.0", [hex: :mime, repo: "hexpm", optional: false]}, {:plug_cowboy, ">= 1.0.0", [hex: :plug_cowboy, repo: "hexpm", optional: true]}, {:telemetry, "~> 0.4.2 or ~> 1.0", [hex: :telemetry, repo: "hexpm", optional: false]}], "hexpm", "b53891359e3ddca263ece784051243de84c9244c421a0dee1bff1d52fc5ca420"},
  "telemetry": {:hex, :telemetry, "0.4.3", "a06428a514bdbc63293cd9a6263aad00ddeb66f608163bdec7c8995784080818", [:rebar3], [], "hexpm", "eb72b8365ffda5bed68a620d1da88525e326cb82a75ee61354fc24b844768041"},
  "telemetry_metrics": {:hex, :telemetry_metrics, "0.6.0", "da9d49ee7e6bb1c259d36ce6539cd45ae14d81247a2b0c90edf55e2b50507f7b", [:mix], [{:telemetry, "~> 0.4", [hex: :telemetry, repo: "hexpm", optional: false]}], "hexpm", "5cfe67ad464b243835512aa44321cee91faed6ea868d7fb761d7016e02915c3d"},
  "telemetry_poller": {:hex, :telemetry_poller, "0.5.1", "21071cc2e536810bac5628b935521ff3e28f0303e770951158c73eaaa01e962a", [:rebar3], [{:telemetry, "~> 0.4", [hex: :telemetry, repo: "hexpm", optional: false]}], "hexpm", "4cab72069210bc6e7a080cec9afffad1b33370149ed5d379b81c7c5f0c663fd4"},
  "worker_pool": {:hex, :worker_pool, "3.1.1", "a9bf27cff366999784a3f0657f016ce3a57901490858cca3fb3be1208bf2110d", [:rebar3], [], "hexpm", "355b6680f2c16c02fa916f66bf9c7460780a36ad6562f181aed6b690585ff1d5"},
}
